
Microsoft Visual Studio Solution File, Format Version 12.00
# Visual Studio 15
Project("{FAE04EC0-301F-11D3-BF4B-00C04F79EFBC}") = "Assembly-CSharp", "Assembly-CSharp.csproj", "{6002DF8E-3679-3130-88AB-E3B2C4D305E1}"
EndProject
Project("{FAE04EC0-301F-11D3-BF4B-00C04F79EFBC}") = "Assembly-CSharp-Editor", "Assembly-CSharp-Editor.csproj", "{AF3D4758-8D37-A536-D3EF-2179F56E78C7}"
EndProject
Global
	GlobalSection(SolutionConfigurationPlatforms) = preSolution
		Debug|Any CPU = Debug|Any CPU
		Release|Any CPU = Release|Any CPU
	EndGlobalSection
	GlobalSection(ProjectConfigurationPlatforms) = postSolution
		{6002DF8E-3679-3130-88AB-E3B2C4D305E1}.Debug|Any CPU.ActiveCfg = Debug|Any CPU
		{6002DF8E-3679-3130-88AB-E3B2C4D305E1}.Debug|Any CPU.Build.0 = Debug|Any CPU
		{6002DF8E-3679-3130-88AB-E3B2C4D305E1}.Release|Any CPU.ActiveCfg = Release|Any CPU
		{6002DF8E-3679-3130-88AB-E3B2C4D305E1}.Release|Any CPU.Build.0 = Release|Any CPU
		{AF3D4758-8D37-A536-D3EF-2179F56E78C7}.Debug|Any CPU.ActiveCfg = Debug|Any CPU
		{AF3D4758-8D37-A536-D3EF-2179F56E78C7}.Debug|Any CPU.Build.0 = Debug|Any CPU
		{AF3D4758-8D37-A536-D3EF-2179F56E78C7}.Release|Any CPU.ActiveCfg = Release|Any CPU
		{AF3D4758-8D37-A536-D3EF-2179F56E78C7}.Release|Any CPU.Build.0 = Release|Any CPU
	EndGlobalSection
	GlobalSection(SolutionProperties) = preSolution
		HideSolutionNode = FALSE
	EndGlobalSection
	GlobalSection(MonoDevelopProperties) = preSolution
		StartupItem = Assembly-CSharp.csproj
	EndGlobalSection
EndGlobal
